
Microsoft Visual Studio Solution File, Format Version 12.00
# Visual Studio Version 17
VisualStudioVersion = 17.8.34408.163
MinimumVisualStudioVersion = 10.0.40219.1
Project("{9A19103F-16F7-4668-BE54-9A1E7A4F7556}") = "E-commerce", "E-commerce\E-commerce.csproj", "{E9AD1328-2E4A-48B7-B063-EF9289C286F5}"
EndProject
Project("{9A19103F-16F7-4668-BE54-9A1E7A4F7556}") = "Domains", "Domains\Domains.csproj", "{76CDD370-8CF0-4A3C-B45D-E7AFAFDEE75F}"
EndProject
Project("{9A19103F-16F7-4668-BE54-9A1E7A4F7556}") = "Bl", "Bl\Bl.csproj", "{A904D8A6-AE20-491E-9B6C-FC1A660CD389}"
EndProject
Global
	GlobalSection(SolutionConfigurationPlatforms) = preSolution
		Debug|Any CPU = Debug|Any CPU
		Release|Any CPU = Release|Any CPU
	EndGlobalSection
	GlobalSection(ProjectConfigurationPlatforms) = postSolution
		{E9AD1328-2E4A-48B7-B063-EF9289C286F5}.Debug|Any CPU.ActiveCfg = Debug|Any CPU
		{E9AD1328-2E4A-48B7-B063-EF9289C286F5}.Debug|Any CPU.Build.0 = Debug|Any CPU
		{E9AD1328-2E4A-48B7-B063-EF9289C286F5}.Release|Any CPU.ActiveCfg = Release|Any CPU
		{E9AD1328-2E4A-48B7-B063-EF9289C286F5}.Release|Any CPU.Build.0 = Release|Any CPU
		{76CDD370-8CF0-4A3C-B45D-E7AFAFDEE75F}.Debug|Any CPU.ActiveCfg = Debug|Any CPU
		{76CDD370-8CF0-4A3C-B45D-E7AFAFDEE75F}.Debug|Any CPU.Build.0 = Debug|Any CPU
		{76CDD370-8CF0-4A3C-B45D-E7AFAFDEE75F}.Release|Any CPU.ActiveCfg = Release|Any CPU
		{76CDD370-8CF0-4A3C-B45D-E7AFAFDEE75F}.Release|Any CPU.Build.0 = Release|Any CPU
		{A904D8A6-AE20-491E-9B6C-FC1A660CD389}.Debug|Any CPU.ActiveCfg = Debug|Any CPU
		{A904D8A6-AE20-491E-9B6C-FC1A660CD389}.Debug|Any CPU.Build.0 = Debug|Any CPU
		{A904D8A6-AE20-491E-9B6C-FC1A660CD389}.Release|Any CPU.ActiveCfg = Release|Any CPU
		{A904D8A6-AE20-491E-9B6C-FC1A660CD389}.Release|Any CPU.Build.0 = Release|Any CPU
	EndGlobalSection
	GlobalSection(SolutionProperties) = preSolution
		HideSolutionNode = FALSE
	EndGlobalSection
	GlobalSection(ExtensibilityGlobals) = postSolution
		SolutionGuid = {5FE1B9DD-1E86-44E7-ACC8-5E4BDB6AEC77}
	EndGlobalSection
EndGlobal
